
Microsoft Visual Studio Solution File, Format Version 12.00
# Visual Studio Version 17
VisualStudioVersion = 17.7.34202.233
MinimumVisualStudioVersion = 10.0.40219.1
Project("{FAE04EC0-301F-11D3-BF4B-00C04F79EFBC}") = "HelloWorld", "HelloWorld.csproj", "{C81A6391-C31B-42A7-B77B-0E15716A1AF4}"
EndProject
Global
	GlobalSection(SolutionConfigurationPlatforms) = preSolution
		Debug|Any CPU = Debug|Any CPU
		Release|Any CPU = Release|Any CPU
	EndGlobalSection
	GlobalSection(ProjectConfigurationPlatforms) = postSolution
		{C81A6391-C31B-42A7-B77B-0E15716A1AF4}.Debug|Any CPU.ActiveCfg = Debug|Any CPU
		{C81A6391-C31B-42A7-B77B-0E15716A1AF4}.Debug|Any CPU.Build.0 = Debug|Any CPU
		{C81A6391-C31B-42A7-B77B-0E15716A1AF4}.Release|Any CPU.ActiveCfg = Release|Any CPU
		{C81A6391-C31B-42A7-B77B-0E15716A1AF4}.Release|Any CPU.Build.0 = Release|Any CPU
	EndGlobalSection
	GlobalSection(SolutionProperties) = preSolution
		HideSolutionNode = FALSE
	EndGlobalSection
	GlobalSection(ExtensibilityGlobals) = postSolution
		SolutionGuid = {3572E412-4138-4DED-8FBD-FF58D7DA77F1}
	EndGlobalSection
EndGlobal
